
Microsoft Visual Studio Solution File, Format Version 12.00
# Visual Studio Version 16
VisualStudioVersion = 16.0.30711.63
MinimumVisualStudioVersion = 10.0.40219.1
Project("{FAE04EC0-301F-11D3-BF4B-00C04F79EFBC}") = "Project_scheduler", "Project_scheduler\Project_scheduler.csproj", "{38C865AB-4F84-4FB8-9D7D-1B63142FC920}"
EndProject
Global
	GlobalSection(SolutionConfigurationPlatforms) = preSolution
		Debug|Any CPU = Debug|Any CPU
		Release|Any CPU = Release|Any CPU
	EndGlobalSection
	GlobalSection(ProjectConfigurationPlatforms) = postSolution
		{38C865AB-4F84-4FB8-9D7D-1B63142FC920}.Debug|Any CPU.ActiveCfg = Debug|Any CPU
		{38C865AB-4F84-4FB8-9D7D-1B63142FC920}.Debug|Any CPU.Build.0 = Debug|Any CPU
		{38C865AB-4F84-4FB8-9D7D-1B63142FC920}.Release|Any CPU.ActiveCfg = Release|Any CPU
		{38C865AB-4F84-4FB8-9D7D-1B63142FC920}.Release|Any CPU.Build.0 = Release|Any CPU
	EndGlobalSection
	GlobalSection(SolutionProperties) = preSolution
		HideSolutionNode = FALSE
	EndGlobalSection
	GlobalSection(ExtensibilityGlobals) = postSolution
		SolutionGuid = {574C084C-B130-4085-AB4C-FE212598AEA8}
	EndGlobalSection
EndGlobal
